
Microsoft Visual Studio Solution File, Format Version 12.00
# Visual Studio Version 17
VisualStudioVersion = 17.8.34525.116
MinimumVisualStudioVersion = 10.0.40219.1
Project("{FAE04EC0-301F-11D3-BF4B-00C04F79EFBC}") = "API", "API\API.csproj", "{ECD9CED2-056F-4EA7-A884-E8C9BA09E72A}"
EndProject
Global
	GlobalSection(SolutionConfigurationPlatforms) = preSolution
		Debug|Any CPU = Debug|Any CPU
		Release|Any CPU = Release|Any CPU
	EndGlobalSection
	GlobalSection(ProjectConfigurationPlatforms) = postSolution
		{ECD9CED2-056F-4EA7-A884-E8C9BA09E72A}.Debug|Any CPU.ActiveCfg = Debug|Any CPU
		{ECD9CED2-056F-4EA7-A884-E8C9BA09E72A}.Debug|Any CPU.Build.0 = Debug|Any CPU
		{ECD9CED2-056F-4EA7-A884-E8C9BA09E72A}.Release|Any CPU.ActiveCfg = Release|Any CPU
		{ECD9CED2-056F-4EA7-A884-E8C9BA09E72A}.Release|Any CPU.Build.0 = Release|Any CPU
	EndGlobalSection
	GlobalSection(SolutionProperties) = preSolution
		HideSolutionNode = FALSE
	EndGlobalSection
	GlobalSection(ExtensibilityGlobals) = postSolution
		SolutionGuid = {1E5F009D-44BE-4BAA-839B-733AEE7CAD67}
	EndGlobalSection
EndGlobal
